
Microsoft Visual Studio Solution File, Format Version 12.00
# Visual Studio Version 17
VisualStudioVersion = 17.14.37216.2 d17.14
MinimumVisualStudioVersion = 10.0.40219.1
Project("{FAE04EC0-301F-11D3-BF4B-00C04F79EFBC}") = "1", "1.csproj", "{FC3ABD95-9322-49CF-8602-2AFAEE3C2E8A}"
EndProject
Global
	GlobalSection(SolutionConfigurationPlatforms) = preSolution
		Debug|Any CPU = Debug|Any CPU
		Release|Any CPU = Release|Any CPU
	EndGlobalSection
	GlobalSection(ProjectConfigurationPlatforms) = postSolution
		{FC3ABD95-9322-49CF-8602-2AFAEE3C2E8A}.Debug|Any CPU.ActiveCfg = Debug|Any CPU
		{FC3ABD95-9322-49CF-8602-2AFAEE3C2E8A}.Debug|Any CPU.Build.0 = Debug|Any CPU
		{FC3ABD95-9322-49CF-8602-2AFAEE3C2E8A}.Release|Any CPU.ActiveCfg = Release|Any CPU
		{FC3ABD95-9322-49CF-8602-2AFAEE3C2E8A}.Release|Any CPU.Build.0 = Release|Any CPU
	EndGlobalSection
	GlobalSection(SolutionProperties) = preSolution
		HideSolutionNode = FALSE
	EndGlobalSection
	GlobalSection(ExtensibilityGlobals) = postSolution
		SolutionGuid = {FB2C9595-3729-4029-893E-1A097D5D1E33}
	EndGlobalSection
EndGlobal
